
Microsoft Visual Studio Solution File, Format Version 12.00
# Visual Studio Version 17
VisualStudioVersion = 17.3.32825.248
MinimumVisualStudioVersion = 10.0.40219.1
Project("{FAE04EC0-301F-11D3-BF4B-00C04F79EFBC}") = "EmployeePayroll_MVC", "EmployeePayroll_MVC.csproj", "{354C13FE-99D5-4601-8756-070FC0126C30}"
EndProject
Global
	GlobalSection(SolutionConfigurationPlatforms) = preSolution
		Debug|Any CPU = Debug|Any CPU
		Release|Any CPU = Release|Any CPU
	EndGlobalSection
	GlobalSection(ProjectConfigurationPlatforms) = postSolution
		{354C13FE-99D5-4601-8756-070FC0126C30}.Debug|Any CPU.ActiveCfg = Debug|Any CPU
		{354C13FE-99D5-4601-8756-070FC0126C30}.Debug|Any CPU.Build.0 = Debug|Any CPU
		{354C13FE-99D5-4601-8756-070FC0126C30}.Release|Any CPU.ActiveCfg = Release|Any CPU
		{354C13FE-99D5-4601-8756-070FC0126C30}.Release|Any CPU.Build.0 = Release|Any CPU
	EndGlobalSection
	GlobalSection(SolutionProperties) = preSolution
		HideSolutionNode = FALSE
	EndGlobalSection
	GlobalSection(ExtensibilityGlobals) = postSolution
		SolutionGuid = {35ECB8D1-C82A-4A30-97D3-EECBAAAF6AE4}
	EndGlobalSection
EndGlobal
